// !$*UTF8*$!
{
	archiveVersion = 1;
	classes = {
	};
	objectVersion = 77;
	objects = {

/* Begin PBXBuildFile section */
		00676F4DC580229BE15EA1E5 /* Pods_MediaHarbor.framework in Frameworks */ = {isa = PBXBuildFile; fileRef = F71E93C3841C7DE5C4C65A9F /* Pods_MediaHarbor.framework */; };
		1BB66C73F731EAB8F4557F78 /* Pods_MediaHarborUITests.framework in Frameworks */ = {isa = PBXBuildFile; fileRef = C49B8CE0838BD58E2EC60EB3 /* Pods_MediaHarborUITests.framework */; };
		829462605C257A119B3498C0 /* Pods_MediaHarborTests.framework in Frameworks */ = {isa = PBXBuildFile; fileRef = E3F658BE64AE62F7406DE21B /* Pods_MediaHarborTests.framework */; };
/* End PBXBuildFile section */

/* Begin PBXContainerItemProxy section */
		AB56CA522F723347004EEC88 /* PBXContainerItemProxy */ = {
			isa = PBXContainerItemProxy;
			containerPortal = AB56CA392F723345004EEC88 /* Project object */;
			proxyType = 1;
			remoteGlobalIDString = AB56CA402F723346004EEC88;
			remoteInfo = MediaHarbor;
		};
		AB56CA5C2F723347004EEC88 /* PBXContainerItemProxy */ = {
			isa = PBXContainerItemProxy;
			containerPortal = AB56CA392F723345004EEC88 /* Project object */;
			proxyType = 1;
			remoteGlobalIDString = AB56CA402F723346004EEC88;
			remoteInfo = MediaHarbor;
		};
/* End PBXContainerItemProxy section */

/* Begin PBXFileReference section */
		9B5CB554E652315DAD12606E /* Pods-MediaHarborUITests.debug.xcconfig */ = {isa = PBXFileReference; includeInIndex = 1; lastKnownFileType = text.xcconfig; name = "Pods-MediaHarborUITests.debug.xcconfig"; path = "Target Support Files/Pods-MediaHarborUITests/Pods-MediaHarborUITests.debug.xcconfig"; sourceTree = "<group>"; };
		AB56CA412F723346004EEC88 /* MediaHarbor.app */ = {isa = PBXFileReference; explicitFileType = wrapper.application; includeInIndex = 0; path = MediaHarbor.app; sourceTree = BUILT_PRODUCTS_DIR; };
		AB56CA512F723347004EEC88 /* MediaHarborTests.xctest */ = {isa = PBXFileReference; explicitFileType = wrapper.cfbundle; includeInIndex = 0; path = MediaHarborTests.xctest; sourceTree = BUILT_PRODUCTS_DIR; };
		AB56CA5B2F723347004EEC88 /* MediaHarborUITests.xctest */ = {isa = PBXFileReference; explicitFileType = wrapper.cfbundle; includeInIndex = 0; path = MediaHarborUITests.xctest; sourceTree = BUILT_PRODUCTS_DIR; };
		B5A221C5A7D7AD6580452E82 /* Pods-MediaHarbor.release.xcconfig */ = {isa = PBXFileReference; includeInIndex = 1; lastKnownFileType = text.xcconfig; name = "Pods-MediaHarbor.release.xcconfig"; path = "Target Support Files/Pods-MediaHarbor/Pods-MediaHarbor.release.xcconfig"; sourceTree = "<group>"; };
		C49B8CE0838BD58E2EC60EB3 /* Pods_MediaHarborUITests.framework */ = {isa = PBXFileReference; explicitFileType = wrapper.framework; includeInIndex = 0; path = Pods_MediaHarborUITests.framework; sourceTree = BUILT_PRODUCTS_DIR; };
		D434D968EDBD18AA4EBBF481 /* Pods-MediaHarborTests.release.xcconfig */ = {isa = PBXFileReference; includeInIndex = 1; lastKnownFileType = text.xcconfig; name = "Pods-MediaHarborTests.release.xcconfig"; path = "Target Support Files/Pods-MediaHarborTests/Pods-MediaHarborTests.release.xcconfig"; sourceTree = "<group>"; };
		D8A9F26B9D832B371E545292 /* Pods-MediaHarborTests.debug.xcconfig */ = {isa = PBXFileReference; includeInIndex = 1; lastKnownFileType = text.xcconfig; name = "Pods-MediaHarborTests.debug.xcconfig"; path = "Target Support Files/Pods-MediaHarborTests/Pods-MediaHarborTests.debug.xcconfig"; sourceTree = "<group>"; };
		E0A93CAD5EDB0279717CCE10 /* Pods-MediaHarbor.debug.xcconfig */ = {isa = PBXFileReference; includeInIndex = 1; lastKnownFileType = text.xcconfig; name = "Pods-MediaHarbor.debug.xcconfig"; path = "Target Support Files/Pods-MediaHarbor/Pods-MediaHarbor.debug.xcconfig"; sourceTree = "<group>"; };
		E3F658BE64AE62F7406DE21B /* Pods_MediaHarborTests.framework */ = {isa = PBXFileReference; explicitFileType = wrapper.framework; includeInIndex = 0; path = Pods_MediaHarborTests.framework; sourceTree = BUILT_PRODUCTS_DIR; };
		EFDC2FD14C7A95FC13750F96 /* Pods-MediaHarborUITests.release.xcconfig */ = {isa = PBXFileReference; includeInIndex = 1; lastKnownFileType = text.xcconfig; name = "Pods-MediaHarborUITests.release.xcconfig"; path = "Target Support Files/Pods-MediaHarborUITests/Pods-MediaHarborUITests.release.xcconfig"; sourceTree = "<group>"; };
		F71E93C3841C7DE5C4C65A9F /* Pods_MediaHarbor.framework */ = {isa = PBXFileReference; explicitFileType = wrapper.framework; includeInIndex = 0; path = Pods_MediaHarbor.framework; sourceTree = BUILT_PRODUCTS_DIR; };
/* End PBXFileReference section */

/* Begin PBXFileSystemSynchronizedRootGroup section */
		AB56CA432F723346004EEC88 /* MediaHarbor */ = {
			isa = PBXFileSystemSynchronizedRootGroup;
			path = MediaHarbor;
			sourceTree = "<group>";
		};
		AB56CA542F723347004EEC88 /* MediaHarborTests */ = {
			isa = PBXFileSystemSynchronizedRootGroup;
			path = MediaHarborTests;
			sourceTree = "<group>";
		};
		AB56CA5E2F723347004EEC88 /* MediaHarborUITests */ = {
			isa = PBXFileSystemSynchronizedRootGroup;
			path = MediaHarborUITests;
			sourceTree = "<group>";
		};
/* End PBXFileSystemSynchronizedRootGroup section */

/* Begin PBXFrameworksBuildPhase section */
		AB56CA3E2F723346004EEC88 /* Frameworks */ = {
			isa = PBXFrameworksBuildPhase;
			buildActionMask = 2147483647;
			files = (
				00676F4DC580229BE15EA1E5 /* Pods_MediaHarbor.framework in Frameworks */,
			);
			runOnlyForDeploymentPostprocessing = 0;
		};
		AB56CA4E2F723347004EEC88 /* Frameworks */ = {
			isa = PBXFrameworksBuildPhase;
			buildActionMask = 2147483647;
			files = (
				829462605C257A119B3498C0 /* Pods_MediaHarborTests.framework in Frameworks */,
			);
			runOnlyForDeploymentPostprocessing = 0;
		};
		AB56CA582F723347004EEC88 /* Frameworks */ = {
			isa = PBXFrameworksBuildPhase;
			buildActionMask = 2147483647;
			files = (
				1BB66C73F731EAB8F4557F78 /* Pods_MediaHarborUITests.framework in Frameworks */,
			);
			runOnlyForDeploymentPostprocessing = 0;
		};
/* End PBXFrameworksBuildPhase section */

/* Begin PBXGroup section */
		052F2054ABDD06468A350EA8 /* Frameworks */ = {
			isa = PBXGroup;
			children = (
				F71E93C3841C7DE5C4C65A9F /* Pods_MediaHarbor.framework */,
				E3F658BE64AE62F7406DE21B /* Pods_MediaHarborTests.framework */,
				C49B8CE0838BD58E2EC60EB3 /* Pods_MediaHarborUITests.framework */,
			);
			name = Frameworks;
			sourceTree = "<group>";
		};
		8C7A4E2B05D7E0141152512A /* Pods */ = {
			isa = PBXGroup;
			children = (
				E0A93CAD5EDB0279717CCE10 /* Pods-MediaHarbor.debug.xcconfig */,
				B5A221C5A7D7AD6580452E82 /* Pods-MediaHarbor.release.xcconfig */,
				D8A9F26B9D832B371E545292 /* Pods-MediaHarborTests.debug.xcconfig */,
				D434D968EDBD18AA4EBBF481 /* Pods-MediaHarborTests.release.xcconfig */,
				9B5CB554E652315DAD12606E /* Pods-MediaHarborUITests.debug.xcconfig */,
				EFDC2FD14C7A95FC13750F96 /* Pods-MediaHarborUITests.release.xcconfig */,
			);
			path = Pods;
			sourceTree = "<group>";
		};
		AB56CA382F723345004EEC88 = {
			isa = PBXGroup;
			children = (
				AB56CA432F723346004EEC88 /* MediaHarbor */,
				AB56CA542F723347004EEC88 /* MediaHarborTests */,
				AB56CA5E2F723347004EEC88 /* MediaHarborUITests */,
				AB56CA422F723346004EEC88 /* Products */,
				8C7A4E2B05D7E0141152512A /* Pods */,
				052F2054ABDD06468A350EA8 /* Frameworks */,
			);
			sourceTree = "<group>";
		};
		AB56CA422F723346004EEC88 /* Products */ = {
			isa = PBXGroup;
			children = (
				AB56CA412F723346004EEC88 /* MediaHarbor.app */,
				AB56CA512F723347004EEC88 /* MediaHarborTests.xctest */,
				AB56CA5B2F723347004EEC88 /* MediaHarborUITests.xctest */,
			);
			name = Products;
			sourceTree = "<group>";
		};
/* End PBXGroup section */

/* Begin PBXNativeTarget section */
		AB56CA402F723346004EEC88 /* MediaHarbor */ = {
			isa = PBXNativeTarget;
			buildConfigurationList = AB56CA652F723347004EEC88 /* Build configuration list for PBXNativeTarget "MediaHarbor" */;
			buildPhases = (
				91F75C3A75BFF89E7B908B99 /* [CP] Check Pods Manifest.lock */,
				AB56CA3D2F723346004EEC88 /* Sources */,
				AB56CA3E2F723346004EEC88 /* Frameworks */,
				AB56CA3F2F723346004EEC88 /* Resources */,
				87FD05979501D11F26F5C22C /* [CP] Copy Pods Resources */,
			);
			buildRules = (
			);
			dependencies = (
			);
			fileSystemSynchronizedGroups = (
				AB56CA432F723346004EEC88 /* MediaHarbor */,
			);
			name = MediaHarbor;
			productName = MediaHarbor;
			productReference = AB56CA412F723346004EEC88 /* MediaHarbor.app */;
			productType = "com.apple.product-type.application";
		};
		AB56CA502F723347004EEC88 /* MediaHarborTests */ = {
			isa = PBXNativeTarget;
			buildConfigurationList = AB56CA682F723347004EEC88 /* Build configuration list for PBXNativeTarget "MediaHarborTests" */;
			buildPhases = (
				00D800D0167EC84FBEC4E76C /* [CP] Check Pods Manifest.lock */,
				AB56CA4D2F723347004EEC88 /* Sources */,
				AB56CA4E2F723347004EEC88 /* Frameworks */,
				AB56CA4F2F723347004EEC88 /* Resources */,
			);
			buildRules = (
			);
			dependencies = (
				AB56CA532F723347004EEC88 /* PBXTargetDependency */,
			);
			fileSystemSynchronizedGroups = (
				AB56CA542F723347004EEC88 /* MediaHarborTests */,
			);
			name = MediaHarborTests;
			productName = MediaHarborTests;
			productReference = AB56CA512F723347004EEC88 /* MediaHarborTests.xctest */;
			productType = "com.apple.product-type.bundle.unit-test";
		};
		AB56CA5A2F723347004EEC88 /* MediaHarborUITests */ = {
			isa = PBXNativeTarget;
			buildConfigurationList = AB56CA6B2F723347004EEC88 /* Build configuration list for PBXNativeTarget "MediaHarborUITests" */;
			buildPhases = (
				7CF2732B446FDD491342D8D2 /* [CP] Check Pods Manifest.lock */,
				AB56CA572F723347004EEC88 /* Sources */,
				AB56CA582F723347004EEC88 /* Frameworks */,
				AB56CA592F723347004EEC88 /* Resources */,
			);
			buildRules = (
			);
			dependencies = (
				AB56CA5D2F723347004EEC88 /* PBXTargetDependency */,
			);
			fileSystemSynchronizedGroups = (
				AB56CA5E2F723347004EEC88 /* MediaHarborUITests */,
			);
			name = MediaHarborUITests;
			productName = MediaHarborUITests;
			productReference = AB56CA5B2F723347004EEC88 /* MediaHarborUITests.xctest */;
			productType = "com.apple.product-type.bundle.ui-testing";
		};
/* End PBXNativeTarget section */

/* Begin PBXProject section */
		AB56CA392F723345004EEC88 /* Project object */ = {
			isa = PBXProject;
			attributes = {
				BuildIndependentTargetsInParallel = 1;
				LastSwiftUpdateCheck = 1620;
				LastUpgradeCheck = 1620;
				TargetAttributes = {
					AB56CA402F723346004EEC88 = {
						CreatedOnToolsVersion = 16.2;
					};
					AB56CA502F723347004EEC88 = {
						CreatedOnToolsVersion = 16.2;
						TestTargetID = AB56CA402F723346004EEC88;
					};
					AB56CA5A2F723347004EEC88 = {
						CreatedOnToolsVersion = 16.2;
						TestTargetID = AB56CA402F723346004EEC88;
					};
				};
			};
			buildConfigurationList = AB56CA3C2F723345004EEC88 /* Build configuration list for PBXProject "MediaHarbor" */;
			developmentRegion = "zh-Hans";
			hasScannedForEncodings = 0;
			knownRegions = (
				"zh-Hans",
				Base,
			);
			mainGroup = AB56CA382F723345004EEC88;
			minimizedProjectReferenceProxies = 1;
			preferredProjectObjectVersion = 77;
			productRefGroup = AB56CA422F723346004EEC88 /* Products */;
			projectDirPath = "";
			projectRoot = "";
			targets = (
				AB56CA402F723346004EEC88 /* MediaHarbor */,
				AB56CA502F723347004EEC88 /* MediaHarborTests */,
				AB56CA5A2F723347004EEC88 /* MediaHarborUITests */,
			);
		};
/* End PBXProject section */

/* Begin PBXResourcesBuildPhase section */
		AB56CA3F2F723346004EEC88 /* Resources */ = {
			isa = PBXResourcesBuildPhase;
			buildActionMask = 2147483647;
			files = (
			);
			runOnlyForDeploymentPostprocessing = 0;
		};
		AB56CA4F2F723347004EEC88 /* Resources */ = {
			isa = PBXResourcesBuildPhase;
			buildActionMask = 2147483647;
			files = (
			);
			runOnlyForDeploymentPostprocessing = 0;
		};
		AB56CA592F723347004EEC88 /* Resources */ = {
			isa = PBXResourcesBuildPhase;
			buildActionMask = 2147483647;
			files = (
			);
			runOnlyForDeploymentPostprocessing = 0;
		};
/* End PBXResourcesBuildPhase section */

/* Begin PBXShellScriptBuildPhase section */
		00D800D0167EC84FBEC4E76C /* [CP] Check Pods Manifest.lock */ = {
			isa = PBXShellScriptBuildPhase;
			buildActionMask = 2147483647;
			files = (
			);
			inputFileListPaths = (
			);
			inputPaths = (
				"${PODS_PODFILE_DIR_PATH}/Podfile.lock",
				"${PODS_ROOT}/Manifest.lock",
			);
			name = "[CP] Check Pods Manifest.lock";
			outputFileListPaths = (
			);
			outputPaths = (
				"$(DERIVED_FILE_DIR)/Pods-MediaHarborTests-checkManifestLockResult.txt",
			);
			runOnlyForDeploymentPostprocessing = 0;
			shellPath = /bin/sh;
			shellScript = "diff \"${PODS_PODFILE_DIR_PATH}/Podfile.lock\" \"${PODS_ROOT}/Manifest.lock\" > /dev/null\nif [ $? != 0 ] ; then\n    # print error to STDERR\n    echo \"error: The sandbox is not in sync with the Podfile.lock. Run 'pod install' or update your CocoaPods installation.\" >&2\n    exit 1\nfi\n# This output is used by Xcode 'outputs' to avoid re-running this script phase.\necho \"SUCCESS\" > \"${SCRIPT_OUTPUT_FILE_0}\"\n";
			showEnvVarsInLog = 0;
		};
		7CF2732B446FDD491342D8D2 /* [CP] Check Pods Manifest.lock */ = {
			isa = PBXShellScriptBuildPhase;
			buildActionMask = 2147483647;
			files = (
			);
			inputFileListPaths = (
			);
			inputPaths = (
				"${PODS_PODFILE_DIR_PATH}/Podfile.lock",
				"${PODS_ROOT}/Manifest.lock",
			);
			name = "[CP] Check Pods Manifest.lock";
			outputFileListPaths = (
			);
			outputPaths = (
				"$(DERIVED_FILE_DIR)/Pods-MediaHarborUITests-checkManifestLockResult.txt",
			);
			runOnlyForDeploymentPostprocessing = 0;
			shellPath = /bin/sh;
			shellScript = "diff \"${PODS_PODFILE_DIR_PATH}/Podfile.lock\" \"${PODS_ROOT}/Manifest.lock\" > /dev/null\nif [ $? != 0 ] ; then\n    # print error to STDERR\n    echo \"error: The sandbox is not in sync with the Podfile.lock. Run 'pod install' or update your CocoaPods installation.\" >&2\n    exit 1\nfi\n# This output is used by Xcode 'outputs' to avoid re-running this script phase.\necho \"SUCCESS\" > \"${SCRIPT_OUTPUT_FILE_0}\"\n";
			showEnvVarsInLog = 0;
		};
		87FD05979501D11F26F5C22C /* [CP] Copy Pods Resources */ = {
			isa = PBXShellScriptBuildPhase;
			buildActionMask = 2147483647;
			files = (
			);
			inputFileListPaths = (
				"${PODS_ROOT}/Target Support Files/Pods-MediaHarbor/Pods-MediaHarbor-resources-${CONFIGURATION}-input-files.xcfilelist",
			);
			name = "[CP] Copy Pods Resources";
			outputFileListPaths = (
				"${PODS_ROOT}/Target Support Files/Pods-MediaHarbor/Pods-MediaHarbor-resources-${CONFIGURATION}-output-files.xcfilelist",
			);
			runOnlyForDeploymentPostprocessing = 0;
			shellPath = /bin/sh;
			shellScript = "\"${PODS_ROOT}/Target Support Files/Pods-MediaHarbor/Pods-MediaHarbor-resources.sh\"\n";
			showEnvVarsInLog = 0;
		};
		91F75C3A75BFF89E7B908B99 /* [CP] Check Pods Manifest.lock */ = {
			isa = PBXShellScriptBuildPhase;
			buildActionMask = 2147483647;
			files = (
			);
			inputFileListPaths = (
			);
			inputPaths = (
				"${PODS_PODFILE_DIR_PATH}/Podfile.lock",
				"${PODS_ROOT}/Manifest.lock",
			);
			name = "[CP] Check Pods Manifest.lock";
			outputFileListPaths = (
			);
			outputPaths = (
				"$(DERIVED_FILE_DIR)/Pods-MediaHarbor-checkManifestLockResult.txt",
			);
			runOnlyForDeploymentPostprocessing = 0;
			shellPath = /bin/sh;
			shellScript = "diff \"${PODS_PODFILE_DIR_PATH}/Podfile.lock\" \"${PODS_ROOT}/Manifest.lock\" > /dev/null\nif [ $? != 0 ] ; then\n    # print error to STDERR\n    echo \"error: The sandbox is not in sync with the Podfile.lock. Run 'pod install' or update your CocoaPods installation.\" >&2\n    exit 1\nfi\n# This output is used by Xcode 'outputs' to avoid re-running this script phase.\necho \"SUCCESS\" > \"${SCRIPT_OUTPUT_FILE_0}\"\n";
			showEnvVarsInLog = 0;
		};
/* End PBXShellScriptBuildPhase section */

/* Begin PBXSourcesBuildPhase section */
		AB56CA3D2F723346004EEC88 /* Sources */ = {
			isa = PBXSourcesBuildPhase;
			buildActionMask = 2147483647;
			files = (
			);
			runOnlyForDeploymentPostprocessing = 0;
		};
		AB56CA4D2F723347004EEC88 /* Sources */ = {
			isa = PBXSourcesBuildPhase;
			buildActionMask = 2147483647;
			files = (
			);
			runOnlyForDeploymentPostprocessing = 0;
		};
		AB56CA572F723347004EEC88 /* Sources */ = {
			isa = PBXSourcesBuildPhase;
			buildActionMask = 2147483647;
			files = (
			);
			runOnlyForDeploymentPostprocessing = 0;
		};
/* End PBXSourcesBuildPhase section */

/* Begin PBXTargetDependency section */
		AB56CA532F723347004EEC88 /* PBXTargetDependency */ = {
			isa = PBXTargetDependency;
			target = AB56CA402F723346004EEC88 /* MediaHarbor */;
			targetProxy = AB56CA522F723347004EEC88 /* PBXContainerItemProxy */;
		};
		AB56CA5D2F723347004EEC88 /* PBXTargetDependency */ = {
			isa = PBXTargetDependency;
			target = AB56CA402F723346004EEC88 /* MediaHarbor */;
			targetProxy = AB56CA5C2F723347004EEC88 /* PBXContainerItemProxy */;
		};
/* End PBXTargetDependency section */

/* Begin XCBuildConfiguration section */
		AB56CA632F723347004EEC88 /* Debug */ = {
			isa = XCBuildConfiguration;
			buildSettings = {
				ALWAYS_SEARCH_USER_PATHS = NO;
				ASSETCATALOG_COMPILER_GENERATE_SWIFT_ASSET_SYMBOL_EXTENSIONS = YES;
				CLANG_ANALYZER_NONNULL = YES;
				CLANG_ANALYZER_NUMBER_OBJECT_CONVERSION = YES_AGGRESSIVE;
				CLANG_CXX_LANGUAGE_STANDARD = "gnu++20";
				CLANG_ENABLE_MODULES = YES;
				CLANG_ENABLE_OBJC_ARC = YES;
				CLANG_ENABLE_OBJC_WEAK = YES;
				CLANG_WARN_BLOCK_CAPTURE_AUTORELEASING = YES;
				CLANG_WARN_BOOL_CONVERSION = YES;
				CLANG_WARN_COMMA = YES;
				CLANG_WARN_CONSTANT_CONVERSION = YES;
				CLANG_WARN_DEPRECATED_OBJC_IMPLEMENTATIONS = YES;
				CLANG_WARN_DIRECT_OBJC_ISA_USAGE = YES_ERROR;
				CLANG_WARN_DOCUMENTATION_COMMENTS = YES;
				CLANG_WARN_EMPTY_BODY = YES;
				CLANG_WARN_ENUM_CONVERSION = YES;
				CLANG_WARN_INFINITE_RECURSION = YES;
				CLANG_WARN_INT_CONVERSION = YES;
				CLANG_WARN_NON_LITERAL_NULL_CONVERSION = YES;
				CLANG_WARN_OBJC_IMPLICIT_RETAIN_SELF = YES;
				CLANG_WARN_OBJC_LITERAL_CONVERSION = YES;
				CLANG_WARN_OBJC_ROOT_CLASS = YES_ERROR;
				CLANG_WARN_QUOTED_INCLUDE_IN_FRAMEWORK_HEADER = YES;
				CLANG_WARN_RANGE_LOOP_ANALYSIS = YES;
				CLANG_WARN_STRICT_PROTOTYPES = YES;
				CLANG_WARN_SUSPICIOUS_MOVE = YES;
				CLANG_WARN_UNGUARDED_AVAILABILITY = YES_AGGRESSIVE;
				CLANG_WARN_UNREACHABLE_CODE = YES;
				CLANG_WARN__DUPLICATE_METHOD_MATCH = YES;
				COPY_PHASE_STRIP = NO;
				DEBUG_INFORMATION_FORMAT = dwarf;
				ENABLE_STRICT_OBJC_MSGSEND = YES;
				ENABLE_TESTABILITY = YES;
				ENABLE_USER_SCRIPT_SANDBOXING = NO;
				GCC_C_LANGUAGE_STANDARD = gnu17;
				GCC_DYNAMIC_NO_PIC = NO;
				GCC_NO_COMMON_BLOCKS = YES;
				GCC_OPTIMIZATION_LEVEL = 0;
				GCC_PREPROCESSOR_DEFINITIONS = (
					"DEBUG=1",
					"$(inherited)",
				);
				GCC_WARN_64_TO_32_BIT_CONVERSION = YES;
				GCC_WARN_ABOUT_RETURN_TYPE = YES_ERROR;
				GCC_WARN_UNDECLARED_SELECTOR = YES;
				GCC_WARN_UNINITIALIZED_AUTOS = YES_AGGRESSIVE;
				GCC_WARN_UNUSED_FUNCTION = YES;
				GCC_WARN_UNUSED_VARIABLE = YES;
				IPHONEOS_DEPLOYMENT_TARGET = 17.0;
				LOCALIZATION_PREFERS_STRING_CATALOGS = YES;
				MTL_ENABLE_DEBUG_INFO = INCLUDE_SOURCE;
				MTL_FAST_MATH = YES;
				ONLY_ACTIVE_ARCH = YES;
				SDKROOT = iphoneos;
				SWIFT_ACTIVE_COMPILATION_CONDITIONS = "DEBUG $(inherited)";
				SWIFT_OPTIMIZATION_LEVEL = "-Onone";
			};
			name = Debug;
		};
		AB56CA642F723347004EEC88 /* Release */ = {
			isa = XCBuildConfiguration;
			buildSettings = {
				ALWAYS_SEARCH_USER_PATHS = NO;
				ASSETCATALOG_COMPILER_GENERATE_SWIFT_ASSET_SYMBOL_EXTENSIONS = YES;
				CLANG_ANALYZER_NONNULL = YES;
				CLANG_ANALYZER_NUMBER_OBJECT_CONVERSION = YES_AGGRESSIVE;
				CLANG_CXX_LANGUAGE_STANDARD = "gnu++20";
				CLANG_ENABLE_MODULES = YES;
				CLANG_ENABLE_OBJC_ARC = YES;
				CLANG_ENABLE_OBJC_WEAK = YES;
				CLANG_WARN_BLOCK_CAPTURE_AUTORELEASING = YES;
				CLANG_WARN_BOOL_CONVERSION = YES;
				CLANG_WARN_COMMA = YES;
				CLANG_WARN_CONSTANT_CONVERSION = YES;
				CLANG_WARN_DEPRECATED_OBJC_IMPLEMENTATIONS = YES;
				CLANG_WARN_DIRECT_OBJC_ISA_USAGE = YES_ERROR;
				CLANG_WARN_DOCUMENTATION_COMMENTS = YES;
				CLANG_WARN_EMPTY_BODY = YES;
				CLANG_WARN_ENUM_CONVERSION = YES;
				CLANG_WARN_INFINITE_RECURSION = YES;
				CLANG_WARN_INT_CONVERSION = YES;
				CLANG_WARN_NON_LITERAL_NULL_CONVERSION = YES;
				CLANG_WARN_OBJC_IMPLICIT_RETAIN_SELF = YES;
				CLANG_WARN_OBJC_LITERAL_CONVERSION = YES;
				CLANG_WARN_OBJC_ROOT_CLASS = YES_ERROR;
				CLANG_WARN_QUOTED_INCLUDE_IN_FRAMEWORK_HEADER = YES;
				CLANG_WARN_RANGE_LOOP_ANALYSIS = YES;
				CLANG_WARN_STRICT_PROTOTYPES = YES;
				CLANG_WARN_SUSPICIOUS_MOVE = YES;
				CLANG_WARN_UNGUARDED_AVAILABILITY = YES_AGGRESSIVE;
				CLANG_WARN_UNREACHABLE_CODE = YES;
				CLANG_WARN__DUPLICATE_METHOD_MATCH = YES;
				COPY_PHASE_STRIP = NO;
				DEBUG_INFORMATION_FORMAT = "dwarf-with-dsym";
				ENABLE_NS_ASSERTIONS = NO;
				ENABLE_STRICT_OBJC_MSGSEND = YES;
				ENABLE_USER_SCRIPT_SANDBOXING = NO;
				GCC_C_LANGUAGE_STANDARD = gnu17;
				GCC_NO_COMMON_BLOCKS = YES;
				GCC_WARN_64_TO_32_BIT_CONVERSION = YES;
				GCC_WARN_ABOUT_RETURN_TYPE = YES_ERROR;
				GCC_WARN_UNDECLARED_SELECTOR = YES;
				GCC_WARN_UNINITIALIZED_AUTOS = YES_AGGRESSIVE;
				GCC_WARN_UNUSED_FUNCTION = YES;
				GCC_WARN_UNUSED_VARIABLE = YES;
				IPHONEOS_DEPLOYMENT_TARGET = 17.0;
				LOCALIZATION_PREFERS_STRING_CATALOGS = YES;
				MTL_ENABLE_DEBUG_INFO = NO;
				MTL_FAST_MATH = YES;
				SDKROOT = iphoneos;
				SWIFT_COMPILATION_MODE = wholemodule;
				VALIDATE_PRODUCT = YES;
			};
			name = Release;
		};
		AB56CA662F723347004EEC88 /* Debug */ = {
			isa = XCBuildConfiguration;
			baseConfigurationReference = E0A93CAD5EDB0279717CCE10 /* Pods-MediaHarbor.debug.xcconfig */;
			buildSettings = {
				ASSETCATALOG_COMPILER_APPICON_NAME = AppIcon;
				ASSETCATALOG_COMPILER_GLOBAL_ACCENT_COLOR_NAME = AccentColor;
				CODE_SIGN_STYLE = Automatic;
				CURRENT_PROJECT_VERSION = 1;
				DEVELOPMENT_ASSET_PATHS = "\"MediaHarbor/Preview Content\"";
				DEVELOPMENT_TEAM = DGCSK273MG;
				ENABLE_PREVIEWS = YES;
				GENERATE_INFOPLIST_FILE = NO;
				INFOPLIST_FILE = "Config/Info-Debug.plist";
				LD_RUNPATH_SEARCH_PATHS = (
					"$(inherited)",
					"@executable_path/Frameworks",
				);
				MARKETING_VERSION = 1.0;
				PRODUCT_BUNDLE_IDENTIFIER = com.mk.MediaHarbor;
				PRODUCT_NAME = "$(TARGET_NAME)";
				SWIFT_EMIT_LOC_STRINGS = YES;
				SWIFT_VERSION = 5.0;
				TARGETED_DEVICE_FAMILY = "1,2";
			};
			name = Debug;
		};
		AB56CA672F723347004EEC88 /* Release */ = {
			isa = XCBuildConfiguration;
			baseConfigurationReference = B5A221C5A7D7AD6580452E82 /* Pods-MediaHarbor.release.xcconfig */;
			buildSettings = {
				ASSETCATALOG_COMPILER_APPICON_NAME = AppIcon;
				ASSETCATALOG_COMPILER_GLOBAL_ACCENT_COLOR_NAME = AccentColor;
				CODE_SIGN_STYLE = Automatic;
				CURRENT_PROJECT_VERSION = 1;
				DEVELOPMENT_ASSET_PATHS = "\"MediaHarbor/Preview Content\"";
				DEVELOPMENT_TEAM = DGCSK273MG;
				ENABLE_PREVIEWS = YES;
				GENERATE_INFOPLIST_FILE = NO;
				INFOPLIST_FILE = "Config/Info-Release.plist";
				LD_RUNPATH_SEARCH_PATHS = (
					"$(inherited)",
					"@executable_path/Frameworks",
				);
				MARKETING_VERSION = 1.0;
				PRODUCT_BUNDLE_IDENTIFIER = com.mk.MediaHarbor;
				PRODUCT_NAME = "$(TARGET_NAME)";
				SWIFT_EMIT_LOC_STRINGS = YES;
				SWIFT_VERSION = 5.0;
				TARGETED_DEVICE_FAMILY = "1,2";
			};
			name = Release;
		};
		AB56CA692F723347004EEC88 /* Debug */ = {
			isa = XCBuildConfiguration;
			baseConfigurationReference = D8A9F26B9D832B371E545292 /* Pods-MediaHarborTests.debug.xcconfig */;
			buildSettings = {
				BUNDLE_LOADER = "$(TEST_HOST)";
				CODE_SIGN_STYLE = Automatic;
				CURRENT_PROJECT_VERSION = 1;
				DEVELOPMENT_TEAM = DGCSK273MG;
				GENERATE_INFOPLIST_FILE = YES;
				IPHONEOS_DEPLOYMENT_TARGET = 17.0;
				MARKETING_VERSION = 1.0;
				PRODUCT_BUNDLE_IDENTIFIER = com.mk.MediaHarborTests;
				PRODUCT_NAME = "$(TARGET_NAME)";
				SWIFT_EMIT_LOC_STRINGS = NO;
				SWIFT_VERSION = 5.0;
				TARGETED_DEVICE_FAMILY = "1,2";
				TEST_HOST = "$(BUILT_PRODUCTS_DIR)/MediaHarbor.app/$(BUNDLE_EXECUTABLE_FOLDER_PATH)/MediaHarbor";
			};
			name = Debug;
		};
		AB56CA6A2F723347004EEC88 /* Release */ = {
			isa = XCBuildConfiguration;
			baseConfigurationReference = D434D968EDBD18AA4EBBF481 /* Pods-MediaHarborTests.release.xcconfig */;
			buildSettings = {
				BUNDLE_LOADER = "$(TEST_HOST)";
				CODE_SIGN_STYLE = Automatic;
				CURRENT_PROJECT_VERSION = 1;
				DEVELOPMENT_TEAM = DGCSK273MG;
				GENERATE_INFOPLIST_FILE = YES;
				IPHONEOS_DEPLOYMENT_TARGET = 17.0;
				MARKETING_VERSION = 1.0;
				PRODUCT_BUNDLE_IDENTIFIER = com.mk.MediaHarborTests;
				PRODUCT_NAME = "$(TARGET_NAME)";
				SWIFT_EMIT_LOC_STRINGS = NO;
				SWIFT_VERSION = 5.0;
				TARGETED_DEVICE_FAMILY = "1,2";
				TEST_HOST = "$(BUILT_PRODUCTS_DIR)/MediaHarbor.app/$(BUNDLE_EXECUTABLE_FOLDER_PATH)/MediaHarbor";
			};
			name = Release;
		};
		AB56CA6C2F723347004EEC88 /* Debug */ = {
			isa = XCBuildConfiguration;
			baseConfigurationReference = 9B5CB554E652315DAD12606E /* Pods-MediaHarborUITests.debug.xcconfig */;
			buildSettings = {
				CODE_SIGN_STYLE = Automatic;
				CURRENT_PROJECT_VERSION = 1;
				DEVELOPMENT_TEAM = DGCSK273MG;
				GENERATE_INFOPLIST_FILE = YES;
				IPHONEOS_DEPLOYMENT_TARGET = 17.0;
				MARKETING_VERSION = 1.0;
				PRODUCT_BUNDLE_IDENTIFIER = com.mk.MediaHarborUITests;
				PRODUCT_NAME = "$(TARGET_NAME)";
				SWIFT_EMIT_LOC_STRINGS = NO;
				SWIFT_VERSION = 5.0;
				TARGETED_DEVICE_FAMILY = "1,2";
				TEST_TARGET_NAME = MediaHarbor;
			};
			name = Debug;
		};
		AB56CA6D2F723347004EEC88 /* Release */ = {
			isa = XCBuildConfiguration;
			baseConfigurationReference = EFDC2FD14C7A95FC13750F96 /* Pods-MediaHarborUITests.release.xcconfig */;
			buildSettings = {
				CODE_SIGN_STYLE = Automatic;
				CURRENT_PROJECT_VERSION = 1;
				DEVELOPMENT_TEAM = DGCSK273MG;
				GENERATE_INFOPLIST_FILE = YES;
				IPHONEOS_DEPLOYMENT_TARGET = 17.0;
				MARKETING_VERSION = 1.0;
				PRODUCT_BUNDLE_IDENTIFIER = com.mk.MediaHarborUITests;
				PRODUCT_NAME = "$(TARGET_NAME)";
				SWIFT_EMIT_LOC_STRINGS = NO;
				SWIFT_VERSION = 5.0;
				TARGETED_DEVICE_FAMILY = "1,2";
				TEST_TARGET_NAME = MediaHarbor;
			};
			name = Release;
		};
/* End XCBuildConfiguration section */

/* Begin XCConfigurationList section */
		AB56CA3C2F723345004EEC88 /* Build configuration list for PBXProject "MediaHarbor" */ = {
			isa = XCConfigurationList;
			buildConfigurations = (
				AB56CA632F723347004EEC88 /* Debug */,
				AB56CA642F723347004EEC88 /* Release */,
			);
			defaultConfigurationIsVisible = 0;
			defaultConfigurationName = Release;
		};
		AB56CA652F723347004EEC88 /* Build configuration list for PBXNativeTarget "MediaHarbor" */ = {
			isa = XCConfigurationList;
			buildConfigurations = (
				AB56CA662F723347004EEC88 /* Debug */,
				AB56CA672F723347004EEC88 /* Release */,
			);
			defaultConfigurationIsVisible = 0;
			defaultConfigurationName = Release;
		};
		AB56CA682F723347004EEC88 /* Build configuration list for PBXNativeTarget "MediaHarborTests" */ = {
			isa = XCConfigurationList;
			buildConfigurations = (
				AB56CA692F723347004EEC88 /* Debug */,
				AB56CA6A2F723347004EEC88 /* Release */,
			);
			defaultConfigurationIsVisible = 0;
			defaultConfigurationName = Release;
		};
		AB56CA6B2F723347004EEC88 /* Build configuration list for PBXNativeTarget "MediaHarborUITests" */ = {
			isa = XCConfigurationList;
			buildConfigurations = (
				AB56CA6C2F723347004EEC88 /* Debug */,
				AB56CA6D2F723347004EEC88 /* Release */,
			);
			defaultConfigurationIsVisible = 0;
			defaultConfigurationName = Release;
		};
/* End XCConfigurationList section */
	};
	rootObject = AB56CA392F723345004EEC88 /* Project object */;
}
